<?xml version="1.0" encoding="utf-8"?>
<Project ToolsVersion="4.0" xmlns="http://schemas.microsoft.com/developer/msbuild/2003">
  <ItemGroup>
    <Filter Include="Source Files">
      <UniqueIdentifier>{4FC737F1-C7A5-4376-A066-2A32D752A2FF}</UniqueIdentifier>
      <Extensions>cpp;c;cc;cxx;def;odl;idl;hpj;bat;asm;asmx</Extensions>
    </Filter>
    <Filter Include="Header Files">
      <UniqueIdentifier>{93995380-89BD-4b04-88EB-625FBE52EBFB}</UniqueIdentifier>
      <Extensions>h;hpp;hxx;hm;inl;inc;xsd</Extensions>
    </Filter>
    <Filter Include="Resource Files">
      <UniqueIdentifier>{67DA6AB6-F800-4c08-8B7A-83BB121AAD01}</UniqueIdentifier>
      <Extensions>rc;ico;cur;bmp;dlg;rc2;rct;bin;rgs;gif;jpg;jpeg;jpe;resx;tiff;tif;png;wav;mfcribbon-ms</Extensions>
    </Filter>
    <Filter Include="Source Files\CTetris">
      <UniqueIdentifier>{e89959e2-3600-4adf-b63b-d2fa8424c8c2}</UniqueIdentifier>
    </Filter>
    <Filter Include="Header Files\CTetris">
      <UniqueIdentifier>{4101fff0-834b-41ed-817d-9c2d455e9508}</UniqueIdentifier>
    </Filter>
    <Filter Include="Source Files\CTetris\CBlock">
      <UniqueIdentifier>{8843c429-8a8f-4ac8-8659-5471a625d747}</UniqueIdentifier>
    </Filter>
    <Filter Include="Header Files\CTetris\CBlock">
      <UniqueIdentifier>{d9a33fca-56a0-42b0-b5f4-a3108653b29c}</UniqueIdentifier>
    </Filter>
  </ItemGroup>
  <ItemGroup>
    <None Include="ReadMe.txt" />
    <None Include="res\TryTetris.rc2">
      <Filter>Resource Files</Filter>
    </None>
    <None Include="res\TryTetris.ico">
      <Filter>Resource Files</Filter>
    </None>
  </ItemGroup>
  <ItemGroup>
    <ClInclude Include="TryTetris.h">
      <Filter>Header Files</Filter>
    </ClInclude>
    <ClInclude Include="TryTetrisDlg.h">
      <Filter>Header Files</Filter>
    </ClInclude>
    <ClInclude Include="stdafx.h">
      <Filter>Header Files</Filter>
    </ClInclude>
    <ClInclude Include="targetver.h">
      <Filter>Header Files</Filter>
    </ClInclude>
    <ClInclude Include="Resource.h">
      <Filter>Header Files</Filter>
    </ClInclude>
    <ClInclude Include="CTetris\include\CBlocks\CBlock.h">
      <Filter>Header Files\CTetris\CBlock</Filter>
    </ClInclude>
    <ClInclude Include="CTetris\include\CBlocks\CRBlock.h">
      <Filter>Header Files\CTetris\CBlock</Filter>
    </ClInclude>
    <ClInclude Include="CTetris\include\CBlocks\CRBlockI.h">
      <Filter>Header Files\CTetris\CBlock</Filter>
    </ClInclude>
    <ClInclude Include="CTetris\include\CTetris.h">
      <Filter>Header Files\CTetris</Filter>
    </ClInclude>
  </ItemGroup>
  <ItemGroup>
    <ClCompile Include="TryTetris.cpp">
      <Filter>Source Files</Filter>
    </ClCompile>
    <ClCompile Include="TryTetrisDlg.cpp">
      <Filter>Source Files</Filter>
    </ClCompile>
    <ClCompile Include="stdafx.cpp">
      <Filter>Source Files</Filter>
    </ClCompile>
    <ClCompile Include="CTetris\src\CBlocks\CTetris.cpp">
      <Filter>Source Files\CTetris</Filter>
    </ClCompile>
    <ClCompile Include="CTetris\src\CBlocks\CBlocksI.cpp">
      <Filter>Source Files\CTetris\CBlock</Filter>
    </ClCompile>
  </ItemGroup>
  <ItemGroup>
    <ResourceCompile Include="TryTetris.rc">
      <Filter>Resource Files</Filter>
    </ResourceCompile>
  </ItemGroup>
</Project>